// !$*UTF8*$!
{
	archiveVersion = 1;
	classes = {
	};
	objectVersion = 110;
	objects = {

/* Begin PBXBuildFile section */
		56A0000000000000000001 /* ShopwareAdminAPI in Frameworks */ = {isa = PBXBuildFile; productRef = 56A0000000000000000002 /* ShopwareAdminAPI */; };
		56F0E92D2FDD314100A62FEC /* shopwareWidgetExtension.appex in Embed App Extensions */ = {isa = PBXBuildFile; fileRef = 56F0E9272FDD314100A62FEC /* shopwareWidgetExtension.appex */; settings = {ATTRIBUTES = (CodeSignOnCopy, RemoveHeadersOnCopy, ); }; };
		56F0E9352FDD314100A62FEC /* WidgetKit.framework in Frameworks */ = {isa = PBXBuildFile; fileRef = 56F0E9332FDD314100A62FEC /* WidgetKit.framework */; };
		56F0E9362FDD314100A62FEC /* SwiftUI.framework in Frameworks */ = {isa = PBXBuildFile; fileRef = 56F0E9342FDD314100A62FEC /* SwiftUI.framework */; };
/* End PBXBuildFile section */

/* Begin PBXContainerItemProxy section */
		56F0E90C2FDD314100A62FEC /* PBXContainerItemProxy */ = {
			isa = PBXContainerItemProxy;
			containerPortal = 56F0E8F62FDD314000A62FEC /* Project object */;
			proxyType = 1;
			remoteGlobalIDString = 56F0E8FD2FDD314000A62FEC;
			remoteInfo = shopware;
		};
		56F0E9162FDD314100A62FEC /* PBXContainerItemProxy */ = {
			isa = PBXContainerItemProxy;
			containerPortal = 56F0E8F62FDD314000A62FEC /* Project object */;
			proxyType = 1;
			remoteGlobalIDString = 56F0E8FD2FDD314000A62FEC;
			remoteInfo = shopware;
		};
		56F0E92E2FDD314100A62FEC /* PBXContainerItemProxy */ = {
			isa = PBXContainerItemProxy;
			containerPortal = 56F0E8F62FDD314000A62FEC /* Project object */;
			proxyType = 1;
			remoteGlobalIDString = 56F0E9262FDD314100A62FEC;
			remoteInfo = shopwareWidgetExtension;
		};
/* End PBXContainerItemProxy section */

/* Begin PBXCopyFilesBuildPhase section */
		56F0E92C2FDD314100A62FEC /* Embed App Extensions */ = {
			isa = PBXCopyFilesBuildPhase;
			dstPath = "";
			dstSubfolder = PlugIns;
			files = (
				56F0E92D2FDD314100A62FEC /* shopwareWidgetExtension.appex in Embed App Extensions */,
			);
			name = "Embed App Extensions";
		};
/* End PBXCopyFilesBuildPhase section */

/* Begin PBXFileReference section */
		56F0E8FE2FDD314000A62FEC /* shopware.app */ = {isa = PBXFileReference; explicitFileType = wrapper.application; includeInIndex = 0; path = shopware.app; sourceTree = BUILT_PRODUCTS_DIR; };
		56F0E90B2FDD314100A62FEC /* shopwareTests.xctest */ = {isa = PBXFileReference; explicitFileType = wrapper.cfbundle; includeInIndex = 0; path = shopwareTests.xctest; sourceTree = BUILT_PRODUCTS_DIR; };
		56F0E9152FDD314100A62FEC /* shopwareUITests.xctest */ = {isa = PBXFileReference; explicitFileType = wrapper.cfbundle; includeInIndex = 0; path = shopwareUITests.xctest; sourceTree = BUILT_PRODUCTS_DIR; };
		56F0E9272FDD314100A62FEC /* shopwareWidgetExtension.appex */ = {isa = PBXFileReference; explicitFileType = "wrapper.app-extension"; includeInIndex = 0; path = shopwareWidgetExtension.appex; sourceTree = BUILT_PRODUCTS_DIR; };
		56F0E9332FDD314100A62FEC /* WidgetKit.framework */ = {isa = PBXFileReference; lastKnownFileType = wrapper.framework; name = WidgetKit.framework; path = System/Library/Frameworks/WidgetKit.framework; sourceTree = SDKROOT; };
		56F0E9342FDD314100A62FEC /* SwiftUI.framework */ = {isa = PBXFileReference; lastKnownFileType = wrapper.framework; name = SwiftUI.framework; path = System/Library/Frameworks/SwiftUI.framework; sourceTree = SDKROOT; };
/* End PBXFileReference section */

/* Begin PBXFileSystemSynchronizedRootGroup section */
		56F0E9002FDD314000A62FEC /* shopware */ = {
			isa = PBXFileSystemSynchronizedRootGroup;
			path = shopware;
			sourceTree = "<group>";
		};
		56F0E90E2FDD314100A62FEC /* shopwareTests */ = {
			isa = PBXFileSystemSynchronizedRootGroup;
			path = shopwareTests;
			sourceTree = "<group>";
		};
		56F0E9182FDD314100A62FEC /* shopwareUITests */ = {
			isa = PBXFileSystemSynchronizedRootGroup;
			path = shopwareUITests;
			sourceTree = "<group>";
		};
		56F0E9282FDD314100A62FEC /* shopwareWidget */ = {
			isa = PBXFileSystemSynchronizedRootGroup;
			path = shopwareWidget;
			sourceTree = "<group>";
		};
/* End PBXFileSystemSynchronizedRootGroup section */

/* Begin PBXFrameworksBuildPhase section */
		56F0E8FB2FDD314000A62FEC /* Frameworks */ = {
			isa = PBXFrameworksBuildPhase;
			files = (
				56A0000000000000000001 /* ShopwareAdminAPI in Frameworks */,
			);
		};
		56F0E9082FDD314100A62FEC /* Frameworks */ = {
			isa = PBXFrameworksBuildPhase;
			files = (
			);
		};
		56F0E9122FDD314100A62FEC /* Frameworks */ = {
			isa = PBXFrameworksBuildPhase;
			files = (
			);
		};
		56F0E92A2FDD314100A62FEC /* Frameworks */ = {
			isa = PBXFrameworksBuildPhase;
			files = (
				56F0E9362FDD314100A62FEC /* SwiftUI.framework in Frameworks */,
				56F0E9352FDD314100A62FEC /* WidgetKit.framework in Frameworks */,
			);
		};
/* End PBXFrameworksBuildPhase section */

/* Begin PBXGroup section */
		56F0E8F52FDD314000A62FEC = {
			isa = PBXGroup;
			children = (
				56F0E9002FDD314000A62FEC /* shopware */,
				56F0E9282FDD314100A62FEC /* shopwareWidget */,
				56F0E90E2FDD314100A62FEC /* shopwareTests */,
				56F0E9182FDD314100A62FEC /* shopwareUITests */,
				56F0E9372FDD314100A62FEC /* Frameworks */,
				56F0E8FF2FDD314000A62FEC /* Products */,
			);
			sourceTree = "<group>";
		};
		56F0E8FF2FDD314000A62FEC /* Products */ = {
			isa = PBXGroup;
			children = (
				56F0E8FE2FDD314000A62FEC /* shopware.app */,
				56F0E9272FDD314100A62FEC /* shopwareWidgetExtension.appex */,
				56F0E90B2FDD314100A62FEC /* shopwareTests.xctest */,
				56F0E9152FDD314100A62FEC /* shopwareUITests.xctest */,
			);
			name = Products;
			sourceTree = "<group>";
		};
		56F0E9372FDD314100A62FEC /* Frameworks */ = {
			isa = PBXGroup;
			children = (
				56F0E9342FDD314100A62FEC /* SwiftUI.framework */,
				56F0E9332FDD314100A62FEC /* WidgetKit.framework */,
			);
			name = Frameworks;
			sourceTree = "<group>";
		};
/* End PBXGroup section */

/* Begin PBXNativeTarget section */
		56F0E8FD2FDD314000A62FEC /* shopware */ = {
			isa = PBXNativeTarget;
			buildConfigurationList = 56F0E91D2FDD314100A62FEC /* Build configuration list for PBXNativeTarget "shopware" */;
			buildPhases = (
				56F0E8FA2FDD314000A62FEC /* Sources */,
				56F0E8FB2FDD314000A62FEC /* Frameworks */,
				56F0E8FC2FDD314000A62FEC /* Resources */,
				56F0E92C2FDD314100A62FEC /* Embed App Extensions */,
			);
			buildRules = (
			);
			dependencies = (
				56F0E92F2FDD314100A62FEC /* PBXTargetDependency */,
			);
			fileSystemSynchronizedGroups = (
				56F0E9002FDD314000A62FEC /* shopware */,
			);
			name = shopware;
			packageProductDependencies = (
				56A0000000000000000002 /* ShopwareAdminAPI */,
			);
			productName = shopware;
			productReference = 56F0E8FE2FDD314000A62FEC /* shopware.app */;
			productType = "com.apple.product-type.application";
		};
		56F0E90A2FDD314100A62FEC /* shopwareTests */ = {
			isa = PBXNativeTarget;
			buildConfigurationList = 56F0E9202FDD314100A62FEC /* Build configuration list for PBXNativeTarget "shopwareTests" */;
			buildPhases = (
				56F0E9072FDD314100A62FEC /* Sources */,
				56F0E9082FDD314100A62FEC /* Frameworks */,
				56F0E9092FDD314100A62FEC /* Resources */,
			);
			buildRules = (
			);
			dependencies = (
				56F0E90D2FDD314100A62FEC /* PBXTargetDependency */,
			);
			fileSystemSynchronizedGroups = (
				56F0E90E2FDD314100A62FEC /* shopwareTests */,
			);
			name = shopwareTests;
			productName = shopwareTests;
			productReference = 56F0E90B2FDD314100A62FEC /* shopwareTests.xctest */;
			productType = "com.apple.product-type.bundle.unit-test";
		};
		56F0E9142FDD314100A62FEC /* shopwareUITests */ = {
			isa = PBXNativeTarget;
			buildConfigurationList = 56F0E9232FDD314100A62FEC /* Build configuration list for PBXNativeTarget "shopwareUITests" */;
			buildPhases = (
				56F0E9112FDD314100A62FEC /* Sources */,
				56F0E9122FDD314100A62FEC /* Frameworks */,
				56F0E9132FDD314100A62FEC /* Resources */,
			);
			buildRules = (
			);
			dependencies = (
				56F0E9172FDD314100A62FEC /* PBXTargetDependency */,
			);
			fileSystemSynchronizedGroups = (
				56F0E9182FDD314100A62FEC /* shopwareUITests */,
			);
			name = shopwareUITests;
			productName = shopwareUITests;
			productReference = 56F0E9152FDD314100A62FEC /* shopwareUITests.xctest */;
			productType = "com.apple.product-type.bundle.ui-testing";
		};
		56F0E9262FDD314100A62FEC /* shopwareWidgetExtension */ = {
			isa = PBXNativeTarget;
			buildConfigurationList = 56F0E9302FDD314100A62FEC /* Build configuration list for PBXNativeTarget "shopwareWidgetExtension" */;
			buildPhases = (
				56F0E9292FDD314100A62FEC /* Sources */,
				56F0E92A2FDD314100A62FEC /* Frameworks */,
				56F0E92B2FDD314100A62FEC /* Resources */,
			);
			buildRules = (
			);
			fileSystemSynchronizedGroups = (
				56F0E9282FDD314100A62FEC /* shopwareWidget */,
			);
			name = shopwareWidgetExtension;
			productName = shopwareWidgetExtension;
			productReference = 56F0E9272FDD314100A62FEC /* shopwareWidgetExtension.appex */;
			productType = "com.apple.product-type.app-extension";
		};
/* End PBXNativeTarget section */

/* Begin PBXProject section */
		56F0E8F62FDD314000A62FEC /* Project object */ = {
			isa = PBXProject;
			attributes = {
				BuildIndependentTargetsInParallel = 1;
				LastSwiftUpdateCheck = 2700;
				LastUpgradeCheck = 2700;
				TargetAttributes = {
					56F0E8FD2FDD314000A62FEC = {
						CreatedOnToolsVersion = 27.0;
					};
					56F0E90A2FDD314100A62FEC = {
						CreatedOnToolsVersion = 27.0;
						TestTargetID = 56F0E8FD2FDD314000A62FEC;
					};
					56F0E9142FDD314100A62FEC = {
						CreatedOnToolsVersion = 27.0;
						TestTargetID = 56F0E8FD2FDD314000A62FEC;
					};
					56F0E9262FDD314100A62FEC = {
						CreatedOnToolsVersion = 27.0;
					};
				};
			};
			buildConfigurationList = 56F0E8F92FDD314000A62FEC /* Build configuration list for PBXProject "shopware" */;
			developmentRegion = en;
			hasScannedForEncodings = 0;
			knownRegions = (
				en,
				Base,
				de,
			);
			mainGroup = 56F0E8F52FDD314000A62FEC;
			minimizedProjectReferenceProxies = 1;
			packageReferences = (
				56A0000000000000000003 /* XCLocalSwiftPackageReference "Packages/ShopwareAdminAPI" */,
			);
			preferredProjectObjectVersion = 77;
			productRefGroup = 56F0E8FF2FDD314000A62FEC /* Products */;
			projectDirPath = "";
			projectRoot = "";
			targets = (
				56F0E8FD2FDD314000A62FEC /* shopware */,
				56F0E9262FDD314100A62FEC /* shopwareWidgetExtension */,
				56F0E90A2FDD314100A62FEC /* shopwareTests */,
				56F0E9142FDD314100A62FEC /* shopwareUITests */,
			);
		};
/* End PBXProject section */

/* Begin PBXResourcesBuildPhase section */
		56F0E8FC2FDD314000A62FEC /* Resources */ = {
			isa = PBXResourcesBuildPhase;
			files = (
			);
		};
		56F0E9092FDD314100A62FEC /* Resources */ = {
			isa = PBXResourcesBuildPhase;
			files = (
			);
		};
		56F0E9132FDD314100A62FEC /* Resources */ = {
			isa = PBXResourcesBuildPhase;
			files = (
			);
		};
		56F0E92B2FDD314100A62FEC /* Resources */ = {
			isa = PBXResourcesBuildPhase;
			files = (
			);
		};
/* End PBXResourcesBuildPhase section */

/* Begin PBXSourcesBuildPhase section */
		56F0E8FA2FDD314000A62FEC /* Sources */ = {
			isa = PBXSourcesBuildPhase;
			files = (
			);
		};
		56F0E9072FDD314100A62FEC /* Sources */ = {
			isa = PBXSourcesBuildPhase;
			files = (
			);
		};
		56F0E9112FDD314100A62FEC /* Sources */ = {
			isa = PBXSourcesBuildPhase;
			files = (
			);
		};
		56F0E9292FDD314100A62FEC /* Sources */ = {
			isa = PBXSourcesBuildPhase;
			files = (
			);
		};
/* End PBXSourcesBuildPhase section */

/* Begin PBXTargetDependency section */
		56F0E90D2FDD314100A62FEC /* PBXTargetDependency */ = {
			isa = PBXTargetDependency;
			target = 56F0E8FD2FDD314000A62FEC /* shopware */;
			targetProxy = 56F0E90C2FDD314100A62FEC /* PBXContainerItemProxy */;
		};
		56F0E9172FDD314100A62FEC /* PBXTargetDependency */ = {
			isa = PBXTargetDependency;
			target = 56F0E8FD2FDD314000A62FEC /* shopware */;
			targetProxy = 56F0E9162FDD314100A62FEC /* PBXContainerItemProxy */;
		};
		56F0E92F2FDD314100A62FEC /* PBXTargetDependency */ = {
			isa = PBXTargetDependency;
			target = 56F0E9262FDD314100A62FEC /* shopwareWidgetExtension */;
			targetProxy = 56F0E92E2FDD314100A62FEC /* PBXContainerItemProxy */;
		};
/* End PBXTargetDependency section */

/* Begin XCBuildConfiguration section */
		56F0E91B2FDD314100A62FEC /* Debug configuration for PBXProject "shopware" */ = {
			isa = XCBuildConfiguration;
			buildSettings = {
				ALWAYS_SEARCH_USER_PATHS = NO;
				ASSETCATALOG_COMPILER_GENERATE_SWIFT_ASSET_SYMBOL_EXTENSIONS = YES;
				CLANG_ANALYZER_NONNULL = YES;
				CLANG_ANALYZER_NUMBER_OBJECT_CONVERSION = YES_AGGRESSIVE;
				CLANG_CXX_LANGUAGE_STANDARD = "gnu++20";
				CLANG_ENABLE_MODULES = YES;
				CLANG_ENABLE_OBJC_ARC = YES;
				CLANG_ENABLE_OBJC_WEAK = YES;
				CLANG_WARN_BLOCK_CAPTURE_AUTORELEASING = YES;
				CLANG_WARN_BOOL_CONVERSION = YES;
				CLANG_WARN_COMMA = YES;
				CLANG_WARN_CONSTANT_CONVERSION = YES;
				CLANG_WARN_DEPRECATED_OBJC_IMPLEMENTATIONS = YES;
				CLANG_WARN_DIRECT_OBJC_ISA_USAGE = YES_ERROR;
				CLANG_WARN_DOCUMENTATION_COMMENTS = YES;
				CLANG_WARN_EMPTY_BODY = YES;
				CLANG_WARN_ENUM_CONVERSION = YES;
				CLANG_WARN_INFINITE_RECURSION = YES;
				CLANG_WARN_INT_CONVERSION = YES;
				CLANG_WARN_NON_LITERAL_NULL_CONVERSION = YES;
				CLANG_WARN_OBJC_IMPLICIT_RETAIN_SELF = YES;
				CLANG_WARN_OBJC_LITERAL_CONVERSION = YES;
				CLANG_WARN_OBJC_ROOT_CLASS = YES_ERROR;
				CLANG_WARN_QUOTED_INCLUDE_IN_FRAMEWORK_HEADER = YES;
				CLANG_WARN_RANGE_LOOP_ANALYSIS = YES;
				CLANG_WARN_STRICT_PROTOTYPES = YES;
				CLANG_WARN_SUSPICIOUS_MOVE = YES;
				CLANG_WARN_UNGUARDED_AVAILABILITY = YES_AGGRESSIVE;
				CLANG_WARN_UNREACHABLE_CODE = YES;
				CLANG_WARN__DUPLICATE_METHOD_MATCH = YES;
				COPY_PHASE_STRIP = NO;
				DEBUG_INFORMATION_FORMAT = dwarf;
				DEVELOPMENT_TEAM = 3NS24VW6GA;
				ENABLE_STRICT_OBJC_MSGSEND = YES;
				ENABLE_TESTABILITY = YES;
				ENABLE_USER_SCRIPT_SANDBOXING = YES;
				GCC_C_LANGUAGE_STANDARD = gnu17;
				GCC_DYNAMIC_NO_PIC = NO;
				GCC_NO_COMMON_BLOCKS = YES;
				GCC_OPTIMIZATION_LEVEL = 0;
				GCC_PREPROCESSOR_DEFINITIONS = (
					"DEBUG=1",
					"$(inherited)",
				);
				GCC_WARN_64_TO_32_BIT_CONVERSION = YES;
				GCC_WARN_ABOUT_RETURN_TYPE = YES_ERROR;
				GCC_WARN_UNDECLARED_SELECTOR = YES;
				GCC_WARN_UNINITIALIZED_AUTOS = YES_AGGRESSIVE;
				GCC_WARN_UNUSED_FUNCTION = YES;
				GCC_WARN_UNUSED_VARIABLE = YES;
				LOCALIZATION_PREFERS_STRING_CATALOGS = YES;
				MTL_ENABLE_DEBUG_INFO = INCLUDE_SOURCE;
				MTL_FAST_MATH = YES;
				ONLY_ACTIVE_ARCH = YES;
				SWIFT_ACTIVE_COMPILATION_CONDITIONS = "DEBUG $(inherited)";
				SWIFT_OPTIMIZATION_LEVEL = "-Onone";
			};
			name = Debug;
		};
		56F0E91C2FDD314100A62FEC /* Release configuration for PBXProject "shopware" */ = {
			isa = XCBuildConfiguration;
			buildSettings = {
				ALWAYS_SEARCH_USER_PATHS = NO;
				ASSETCATALOG_COMPILER_GENERATE_SWIFT_ASSET_SYMBOL_EXTENSIONS = YES;
				CLANG_ANALYZER_NONNULL = YES;
				CLANG_ANALYZER_NUMBER_OBJECT_CONVERSION = YES_AGGRESSIVE;
				CLANG_CXX_LANGUAGE_STANDARD = "gnu++20";
				CLANG_ENABLE_MODULES = YES;
				CLANG_ENABLE_OBJC_ARC = YES;
				CLANG_ENABLE_OBJC_WEAK = YES;
				CLANG_WARN_BLOCK_CAPTURE_AUTORELEASING = YES;
				CLANG_WARN_BOOL_CONVERSION = YES;
				CLANG_WARN_COMMA = YES;
				CLANG_WARN_CONSTANT_CONVERSION = YES;
				CLANG_WARN_DEPRECATED_OBJC_IMPLEMENTATIONS = YES;
				CLANG_WARN_DIRECT_OBJC_ISA_USAGE = YES_ERROR;
				CLANG_WARN_DOCUMENTATION_COMMENTS = YES;
				CLANG_WARN_EMPTY_BODY = YES;
				CLANG_WARN_ENUM_CONVERSION = YES;
				CLANG_WARN_INFINITE_RECURSION = YES;
				CLANG_WARN_INT_CONVERSION = YES;
				CLANG_WARN_NON_LITERAL_NULL_CONVERSION = YES;
				CLANG_WARN_OBJC_IMPLICIT_RETAIN_SELF = YES;
				CLANG_WARN_OBJC_LITERAL_CONVERSION = YES;
				CLANG_WARN_OBJC_ROOT_CLASS = YES_ERROR;
				CLANG_WARN_QUOTED_INCLUDE_IN_FRAMEWORK_HEADER = YES;
				CLANG_WARN_RANGE_LOOP_ANALYSIS = YES;
				CLANG_WARN_STRICT_PROTOTYPES = YES;
				CLANG_WARN_SUSPICIOUS_MOVE = YES;
				CLANG_WARN_UNGUARDED_AVAILABILITY = YES_AGGRESSIVE;
				CLANG_WARN_UNREACHABLE_CODE = YES;
				CLANG_WARN__DUPLICATE_METHOD_MATCH = YES;
				COPY_PHASE_STRIP = NO;
				DEBUG_INFORMATION_FORMAT = "dwarf-with-dsym";
				DEVELOPMENT_TEAM = 3NS24VW6GA;
				ENABLE_NS_ASSERTIONS = NO;
				ENABLE_STRICT_OBJC_MSGSEND = YES;
				ENABLE_USER_SCRIPT_SANDBOXING = YES;
				GCC_C_LANGUAGE_STANDARD = gnu17;
				GCC_NO_COMMON_BLOCKS = YES;
				GCC_WARN_64_TO_32_BIT_CONVERSION = YES;
				GCC_WARN_ABOUT_RETURN_TYPE = YES_ERROR;
				GCC_WARN_UNDECLARED_SELECTOR = YES;
				GCC_WARN_UNINITIALIZED_AUTOS = YES_AGGRESSIVE;
				GCC_WARN_UNUSED_FUNCTION = YES;
				GCC_WARN_UNUSED_VARIABLE = YES;
				LOCALIZATION_PREFERS_STRING_CATALOGS = YES;
				MTL_ENABLE_DEBUG_INFO = NO;
				MTL_FAST_MATH = YES;
				SWIFT_COMPILATION_MODE = wholemodule;
			};
			name = Release;
		};
		56F0E91E2FDD314100A62FEC /* Debug configuration for PBXNativeTarget "shopware" */ = {
			isa = XCBuildConfiguration;
			buildSettings = {
				ASSETCATALOG_COMPILER_APPICON_NAME = AppIcon;
				ASSETCATALOG_COMPILER_GLOBAL_ACCENT_COLOR_NAME = AccentColor;
				CODE_SIGN_ENTITLEMENTS = shopware/shopware.entitlements;
				CODE_SIGN_STYLE = Automatic;
				CURRENT_PROJECT_VERSION = 1;
				DEVELOPMENT_TEAM = 3NS24VW6GA;
				ENABLE_APP_SANDBOX = YES;
				ENABLE_HARDENED_RUNTIME = YES;
				ENABLE_PREVIEWS = YES;
				ENABLE_USER_SELECTED_FILES = readonly;
				GENERATE_INFOPLIST_FILE = YES;
				INFOPLIST_KEY_NSCameraUsageDescription = "Take product and media photos with the camera.";
				"INFOPLIST_KEY_UIApplicationSceneManifest_Generation[sdk=iphoneos*]" = YES;
				"INFOPLIST_KEY_UIApplicationSceneManifest_Generation[sdk=iphonesimulator*]" = YES;
				"INFOPLIST_KEY_UIApplicationSupportsIndirectInputEvents[sdk=iphoneos*]" = YES;
				"INFOPLIST_KEY_UIApplicationSupportsIndirectInputEvents[sdk=iphonesimulator*]" = YES;
				"INFOPLIST_KEY_UIBackgroundModes[sdk=iphoneos*]" = "fetch processing";
				"INFOPLIST_KEY_UIBackgroundModes[sdk=iphonesimulator*]" = "fetch processing";
				"INFOPLIST_KEY_UILaunchScreen_Generation[sdk=iphoneos*]" = YES;
				"INFOPLIST_KEY_UILaunchScreen_Generation[sdk=iphonesimulator*]" = YES;
				"INFOPLIST_KEY_UIStatusBarStyle[sdk=iphoneos*]" = UIStatusBarStyleDefault;
				"INFOPLIST_KEY_UIStatusBarStyle[sdk=iphonesimulator*]" = UIStatusBarStyleDefault;
				INFOPLIST_KEY_UISupportedInterfaceOrientations_iPad = "UIInterfaceOrientationPortrait UIInterfaceOrientationPortraitUpsideDown UIInterfaceOrientationLandscapeLeft UIInterfaceOrientationLandscapeRight";
				INFOPLIST_KEY_UISupportedInterfaceOrientations_iPhone = "UIInterfaceOrientationPortrait UIInterfaceOrientationLandscapeLeft UIInterfaceOrientationLandscapeRight";
				IPHONEOS_DEPLOYMENT_TARGET = 26.0;
				LD_RUNPATH_SEARCH_PATHS = "@executable_path/Frameworks";
				"LD_RUNPATH_SEARCH_PATHS[sdk=macosx*]" = "@executable_path/../Frameworks";
				MACOSX_DEPLOYMENT_TARGET = 27.0;
				MARKETING_VERSION = 1.0;
				PRODUCT_BUNDLE_IDENTIFIER = com.shopware.shopware;
				PRODUCT_NAME = "$(TARGET_NAME)";
				REGISTER_APP_GROUPS = YES;
				SDKROOT = auto;
				STRING_CATALOG_GENERATE_SYMBOLS = YES;
				SUPPORTED_PLATFORMS = "iphoneos iphonesimulator macosx xros xrsimulator";
				SWIFT_APPROACHABLE_CONCURRENCY = YES;
				SWIFT_DEFAULT_ACTOR_ISOLATION = MainActor;
				SWIFT_EMIT_LOC_STRINGS = YES;
				SWIFT_UPCOMING_FEATURE_MEMBER_IMPORT_VISIBILITY = YES;
				SWIFT_VERSION = 5.0;
				TARGETED_DEVICE_FAMILY = "1,2,7";
				XROS_DEPLOYMENT_TARGET = 27.0;
			};
			name = Debug;
		};
		56F0E91F2FDD314100A62FEC /* Release configuration for PBXNativeTarget "shopware" */ = {
			isa = XCBuildConfiguration;
			buildSettings = {
				ASSETCATALOG_COMPILER_APPICON_NAME = AppIcon;
				ASSETCATALOG_COMPILER_GLOBAL_ACCENT_COLOR_NAME = AccentColor;
				CODE_SIGN_ENTITLEMENTS = shopware/shopware.entitlements;
				CODE_SIGN_STYLE = Automatic;
				CURRENT_PROJECT_VERSION = 1;
				DEVELOPMENT_TEAM = 3NS24VW6GA;
				ENABLE_APP_SANDBOX = YES;
				ENABLE_HARDENED_RUNTIME = YES;
				ENABLE_PREVIEWS = YES;
				ENABLE_USER_SELECTED_FILES = readonly;
				GENERATE_INFOPLIST_FILE = YES;
				INFOPLIST_KEY_NSCameraUsageDescription = "Take product and media photos with the camera.";
				"INFOPLIST_KEY_UIApplicationSceneManifest_Generation[sdk=iphoneos*]" = YES;
				"INFOPLIST_KEY_UIApplicationSceneManifest_Generation[sdk=iphonesimulator*]" = YES;
				"INFOPLIST_KEY_UIApplicationSupportsIndirectInputEvents[sdk=iphoneos*]" = YES;
				"INFOPLIST_KEY_UIApplicationSupportsIndirectInputEvents[sdk=iphonesimulator*]" = YES;
				"INFOPLIST_KEY_UIBackgroundModes[sdk=iphoneos*]" = "fetch processing";
				"INFOPLIST_KEY_UIBackgroundModes[sdk=iphonesimulator*]" = "fetch processing";
				"INFOPLIST_KEY_UILaunchScreen_Generation[sdk=iphoneos*]" = YES;
				"INFOPLIST_KEY_UILaunchScreen_Generation[sdk=iphonesimulator*]" = YES;
				"INFOPLIST_KEY_UIStatusBarStyle[sdk=iphoneos*]" = UIStatusBarStyleDefault;
				"INFOPLIST_KEY_UIStatusBarStyle[sdk=iphonesimulator*]" = UIStatusBarStyleDefault;
				INFOPLIST_KEY_UISupportedInterfaceOrientations_iPad = "UIInterfaceOrientationPortrait UIInterfaceOrientationPortraitUpsideDown UIInterfaceOrientationLandscapeLeft UIInterfaceOrientationLandscapeRight";
				INFOPLIST_KEY_UISupportedInterfaceOrientations_iPhone = "UIInterfaceOrientationPortrait UIInterfaceOrientationLandscapeLeft UIInterfaceOrientationLandscapeRight";
				IPHONEOS_DEPLOYMENT_TARGET = 26.0;
				LD_RUNPATH_SEARCH_PATHS = "@executable_path/Frameworks";
				"LD_RUNPATH_SEARCH_PATHS[sdk=macosx*]" = "@executable_path/../Frameworks";
				MACOSX_DEPLOYMENT_TARGET = 27.0;
				MARKETING_VERSION = 1.0;
				PRODUCT_BUNDLE_IDENTIFIER = com.shopware.shopware;
				PRODUCT_NAME = "$(TARGET_NAME)";
				REGISTER_APP_GROUPS = YES;
				SDKROOT = auto;
				STRING_CATALOG_GENERATE_SYMBOLS = YES;
				SUPPORTED_PLATFORMS = "iphoneos iphonesimulator macosx xros xrsimulator";
				SWIFT_APPROACHABLE_CONCURRENCY = YES;
				SWIFT_DEFAULT_ACTOR_ISOLATION = MainActor;
				SWIFT_EMIT_LOC_STRINGS = YES;
				SWIFT_UPCOMING_FEATURE_MEMBER_IMPORT_VISIBILITY = YES;
				SWIFT_VERSION = 5.0;
				TARGETED_DEVICE_FAMILY = "1,2,7";
				XROS_DEPLOYMENT_TARGET = 27.0;
			};
			name = Release;
		};
		56F0E9212FDD314100A62FEC /* Debug configuration for PBXNativeTarget "shopwareTests" */ = {
			isa = XCBuildConfiguration;
			buildSettings = {
				BUNDLE_LOADER = "$(TEST_HOST)";
				CODE_SIGN_STYLE = Automatic;
				CURRENT_PROJECT_VERSION = 1;
				DEVELOPMENT_TEAM = 3NS24VW6GA;
				GENERATE_INFOPLIST_FILE = YES;
				IPHONEOS_DEPLOYMENT_TARGET = 26.0;
				MACOSX_DEPLOYMENT_TARGET = 27.0;
				MARKETING_VERSION = 1.0;
				PRODUCT_BUNDLE_IDENTIFIER = com.shopware.shopwareTests;
				PRODUCT_NAME = "$(TARGET_NAME)";
				SDKROOT = auto;
				STRING_CATALOG_GENERATE_SYMBOLS = NO;
				SUPPORTED_PLATFORMS = "iphoneos iphonesimulator macosx xros xrsimulator";
				SWIFT_APPROACHABLE_CONCURRENCY = YES;
				SWIFT_EMIT_LOC_STRINGS = NO;
				SWIFT_UPCOMING_FEATURE_MEMBER_IMPORT_VISIBILITY = YES;
				SWIFT_VERSION = 5.0;
				TARGETED_DEVICE_FAMILY = "1,2,7";
				TEST_HOST = "$(BUILT_PRODUCTS_DIR)/shopware.app/$(BUNDLE_EXECUTABLE_FOLDER_PATH)/shopware";
				XROS_DEPLOYMENT_TARGET = 27.0;
			};
			name = Debug;
		};
		56F0E9222FDD314100A62FEC /* Release configuration for PBXNativeTarget "shopwareTests" */ = {
			isa = XCBuildConfiguration;
			buildSettings = {
				BUNDLE_LOADER = "$(TEST_HOST)";
				CODE_SIGN_STYLE = Automatic;
				CURRENT_PROJECT_VERSION = 1;
				DEVELOPMENT_TEAM = 3NS24VW6GA;
				GENERATE_INFOPLIST_FILE = YES;
				IPHONEOS_DEPLOYMENT_TARGET = 26.0;
				MACOSX_DEPLOYMENT_TARGET = 27.0;
				MARKETING_VERSION = 1.0;
				PRODUCT_BUNDLE_IDENTIFIER = com.shopware.shopwareTests;
				PRODUCT_NAME = "$(TARGET_NAME)";
				SDKROOT = auto;
				STRING_CATALOG_GENERATE_SYMBOLS = NO;
				SUPPORTED_PLATFORMS = "iphoneos iphonesimulator macosx xros xrsimulator";
				SWIFT_APPROACHABLE_CONCURRENCY = YES;
				SWIFT_EMIT_LOC_STRINGS = NO;
				SWIFT_UPCOMING_FEATURE_MEMBER_IMPORT_VISIBILITY = YES;
				SWIFT_VERSION = 5.0;
				TARGETED_DEVICE_FAMILY = "1,2,7";
				TEST_HOST = "$(BUILT_PRODUCTS_DIR)/shopware.app/$(BUNDLE_EXECUTABLE_FOLDER_PATH)/shopware";
				XROS_DEPLOYMENT_TARGET = 27.0;
			};
			name = Release;
		};
		56F0E9242FDD314100A62FEC /* Debug configuration for PBXNativeTarget "shopwareUITests" */ = {
			isa = XCBuildConfiguration;
			buildSettings = {
				CODE_SIGN_STYLE = Automatic;
				CURRENT_PROJECT_VERSION = 1;
				DEVELOPMENT_TEAM = 3NS24VW6GA;
				GENERATE_INFOPLIST_FILE = YES;
				IPHONEOS_DEPLOYMENT_TARGET = 26.0;
				MACOSX_DEPLOYMENT_TARGET = 27.0;
				MARKETING_VERSION = 1.0;
				PRODUCT_BUNDLE_IDENTIFIER = com.shopware.shopwareUITests;
				PRODUCT_NAME = "$(TARGET_NAME)";
				SDKROOT = auto;
				STRING_CATALOG_GENERATE_SYMBOLS = NO;
				SUPPORTED_PLATFORMS = "iphoneos iphonesimulator macosx xros xrsimulator";
				SWIFT_APPROACHABLE_CONCURRENCY = YES;
				SWIFT_EMIT_LOC_STRINGS = NO;
				SWIFT_UPCOMING_FEATURE_MEMBER_IMPORT_VISIBILITY = YES;
				SWIFT_VERSION = 5.0;
				TARGETED_DEVICE_FAMILY = "1,2,7";
				TEST_TARGET_NAME = shopware;
				XROS_DEPLOYMENT_TARGET = 27.0;
			};
			name = Debug;
		};
		56F0E9252FDD314100A62FEC /* Release configuration for PBXNativeTarget "shopwareUITests" */ = {
			isa = XCBuildConfiguration;
			buildSettings = {
				CODE_SIGN_STYLE = Automatic;
				CURRENT_PROJECT_VERSION = 1;
				DEVELOPMENT_TEAM = 3NS24VW6GA;
				GENERATE_INFOPLIST_FILE = YES;
				IPHONEOS_DEPLOYMENT_TARGET = 26.0;
				MACOSX_DEPLOYMENT_TARGET = 27.0;
				MARKETING_VERSION = 1.0;
				PRODUCT_BUNDLE_IDENTIFIER = com.shopware.shopwareUITests;
				PRODUCT_NAME = "$(TARGET_NAME)";
				SDKROOT = auto;
				STRING_CATALOG_GENERATE_SYMBOLS = NO;
				SUPPORTED_PLATFORMS = "iphoneos iphonesimulator macosx xros xrsimulator";
				SWIFT_APPROACHABLE_CONCURRENCY = YES;
				SWIFT_EMIT_LOC_STRINGS = NO;
				SWIFT_UPCOMING_FEATURE_MEMBER_IMPORT_VISIBILITY = YES;
				SWIFT_VERSION = 5.0;
				TARGETED_DEVICE_FAMILY = "1,2,7";
				TEST_TARGET_NAME = shopware;
				XROS_DEPLOYMENT_TARGET = 27.0;
			};
			name = Release;
		};
		56F0E9312FDD314100A62FEC /* Debug configuration for PBXNativeTarget "shopwareWidgetExtension" */ = {
			isa = XCBuildConfiguration;
			buildSettings = {
				APPLICATION_EXTENSION_API_ONLY = YES;
				CODE_SIGN_ENTITLEMENTS = shopwareWidget/shopwareWidget.entitlements;
				CODE_SIGN_STYLE = Automatic;
				CURRENT_PROJECT_VERSION = 1;
				DEVELOPMENT_TEAM = 3NS24VW6GA;
				ENABLE_APP_SANDBOX = YES;
				ENABLE_PREVIEWS = YES;
				GENERATE_INFOPLIST_FILE = YES;
				INFOPLIST_KEY_NSExtensionPointIdentifier = "com.apple.widgetkit-extension";
				IPHONEOS_DEPLOYMENT_TARGET = 27.0;
				LD_RUNPATH_SEARCH_PATHS = (
					"$(inherited)",
					"@executable_path/Frameworks",
					"@executable_path/../../Frameworks",
				);
				MACOSX_DEPLOYMENT_TARGET = 27.0;
				MARKETING_VERSION = 1.0;
				PRODUCT_BUNDLE_IDENTIFIER = com.shopware.shopware.widget;
				PRODUCT_NAME = "$(TARGET_NAME)";
				REGISTER_APP_GROUPS = YES;
				SDKROOT = auto;
				SKIP_INSTALL = YES;
				STRING_CATALOG_GENERATE_SYMBOLS = YES;
				SUPPORTED_PLATFORMS = "iphoneos iphonesimulator macosx xros xrsimulator";
				SWIFT_APPROACHABLE_CONCURRENCY = YES;
				SWIFT_EMIT_LOC_STRINGS = YES;
				SWIFT_UPCOMING_FEATURE_MEMBER_IMPORT_VISIBILITY = YES;
				SWIFT_VERSION = 5.0;
				TARGETED_DEVICE_FAMILY = "1,2,7";
				XROS_DEPLOYMENT_TARGET = 27.0;
			};
			name = Debug;
		};
		56F0E9322FDD314100A62FEC /* Release configuration for PBXNativeTarget "shopwareWidgetExtension" */ = {
			isa = XCBuildConfiguration;
			buildSettings = {
				APPLICATION_EXTENSION_API_ONLY = YES;
				CODE_SIGN_ENTITLEMENTS = shopwareWidget/shopwareWidget.entitlements;
				CODE_SIGN_STYLE = Automatic;
				CURRENT_PROJECT_VERSION = 1;
				DEVELOPMENT_TEAM = 3NS24VW6GA;
				ENABLE_APP_SANDBOX = YES;
				ENABLE_PREVIEWS = YES;
				GENERATE_INFOPLIST_FILE = YES;
				INFOPLIST_KEY_NSExtensionPointIdentifier = "com.apple.widgetkit-extension";
				IPHONEOS_DEPLOYMENT_TARGET = 27.0;
				LD_RUNPATH_SEARCH_PATHS = (
					"$(inherited)",
					"@executable_path/Frameworks",
					"@executable_path/../../Frameworks",
				);
				MACOSX_DEPLOYMENT_TARGET = 27.0;
				MARKETING_VERSION = 1.0;
				PRODUCT_BUNDLE_IDENTIFIER = com.shopware.shopware.widget;
				PRODUCT_NAME = "$(TARGET_NAME)";
				REGISTER_APP_GROUPS = YES;
				SDKROOT = auto;
				SKIP_INSTALL = YES;
				STRING_CATALOG_GENERATE_SYMBOLS = YES;
				SUPPORTED_PLATFORMS = "iphoneos iphonesimulator macosx xros xrsimulator";
				SWIFT_APPROACHABLE_CONCURRENCY = YES;
				SWIFT_COMPILATION_MODE = wholemodule;
				SWIFT_EMIT_LOC_STRINGS = YES;
				SWIFT_UPCOMING_FEATURE_MEMBER_IMPORT_VISIBILITY = YES;
				SWIFT_VERSION = 5.0;
				TARGETED_DEVICE_FAMILY = "1,2,7";
				XROS_DEPLOYMENT_TARGET = 27.0;
			};
			name = Release;
		};
/* End XCBuildConfiguration section */

/* Begin XCConfigurationList section */
		56F0E8F92FDD314000A62FEC /* Build configuration list for PBXProject "shopware" */ = {
			isa = XCConfigurationList;
			buildConfigurations = (
				56F0E91B2FDD314100A62FEC /* Debug configuration for PBXProject "shopware" */,
				56F0E91C2FDD314100A62FEC /* Release configuration for PBXProject "shopware" */,
			);
			defaultConfigurationName = Release;
		};
		56F0E91D2FDD314100A62FEC /* Build configuration list for PBXNativeTarget "shopware" */ = {
			isa = XCConfigurationList;
			buildConfigurations = (
				56F0E91E2FDD314100A62FEC /* Debug configuration for PBXNativeTarget "shopware" */,
				56F0E91F2FDD314100A62FEC /* Release configuration for PBXNativeTarget "shopware" */,
			);
			defaultConfigurationName = Release;
		};
		56F0E9202FDD314100A62FEC /* Build configuration list for PBXNativeTarget "shopwareTests" */ = {
			isa = XCConfigurationList;
			buildConfigurations = (
				56F0E9212FDD314100A62FEC /* Debug configuration for PBXNativeTarget "shopwareTests" */,
				56F0E9222FDD314100A62FEC /* Release configuration for PBXNativeTarget "shopwareTests" */,
			);
			defaultConfigurationName = Release;
		};
		56F0E9232FDD314100A62FEC /* Build configuration list for PBXNativeTarget "shopwareUITests" */ = {
			isa = XCConfigurationList;
			buildConfigurations = (
				56F0E9242FDD314100A62FEC /* Debug configuration for PBXNativeTarget "shopwareUITests" */,
				56F0E9252FDD314100A62FEC /* Release configuration for PBXNativeTarget "shopwareUITests" */,
			);
			defaultConfigurationName = Release;
		};
		56F0E9302FDD314100A62FEC /* Build configuration list for PBXNativeTarget "shopwareWidgetExtension" */ = {
			isa = XCConfigurationList;
			buildConfigurations = (
				56F0E9312FDD314100A62FEC /* Debug configuration for PBXNativeTarget "shopwareWidgetExtension" */,
				56F0E9322FDD314100A62FEC /* Release configuration for PBXNativeTarget "shopwareWidgetExtension" */,
			);
			defaultConfigurationName = Release;
		};
/* End XCConfigurationList section */

/* Begin XCLocalSwiftPackageReference section */
		56A0000000000000000003 /* XCLocalSwiftPackageReference "Packages/ShopwareAdminAPI" */ = {
			isa = XCLocalSwiftPackageReference;
			relativePath = Packages/ShopwareAdminAPI;
		};
/* End XCLocalSwiftPackageReference section */

/* Begin XCSwiftPackageProductDependency section */
		56A0000000000000000002 /* ShopwareAdminAPI */ = {
			isa = XCSwiftPackageProductDependency;
			productName = ShopwareAdminAPI;
		};
/* End XCSwiftPackageProductDependency section */
	};
	rootObject = 56F0E8F62FDD314000A62FEC /* Project object */;
	validationLevel = 1;
}
